
Microsoft Visual Studio Solution File, Format Version 12.00
# Visual Studio Version 17
VisualStudioVersion = 17.14.36109.1
MinimumVisualStudioVersion = 10.0.40219.1
Project("{2150E333-8FDC-42A3-9474-1A3956D46DE8}") = "AuthServices", "AuthServices", "{02EA681E-C7D8-13C7-8484-4AC65E1B71E8}"
EndProject
Project("{FAE04EC0-301F-11D3-BF4B-00C04F79EFBC}") = "AuthService.API", "AuthService.API\AuthService.API.csproj", "{6170DF7A-686D-4A66-9F98-26AB914FFC65}"
EndProject
Project("{FAE04EC0-301F-11D3-BF4B-00C04F79EFBC}") = "AuthService.Application", "AuthService.Application\AuthService.Application.csproj", "{2B34DA3C-0F9B-47FC-A669-804A7FE374F7}"
EndProject
Project("{FAE04EC0-301F-11D3-BF4B-00C04F79EFBC}") = "AuthService.Domain", "AuthService.Domain\AuthService.Domain.csproj", "{323DD9F0-533A-4C31-985B-96BC60A67948}"
EndProject
Project("{FAE04EC0-301F-11D3-BF4B-00C04F79EFBC}") = "AuthService.Infrastructure", "AuthService.Infrastructure\AuthService.Infrastructure.csproj", "{D0B483EC-324F-466C-9764-48C67D615C0B}"
EndProject
Project("{2150E333-8FDC-42A3-9474-1A3956D46DE8}") = "EmployeeServices", "EmployeeServices", "{079D8CA3-B89E-4318-85E2-548C5F96CE8A}"
EndProject
Project("{FAE04EC0-301F-11D3-BF4B-00C04F79EFBC}") = "EmployeeService.API", "EmployeeService.API\EmployeeService.API.csproj", "{CC697188-83F7-49F3-8666-6BA60452682C}"
EndProject
Project("{FAE04EC0-301F-11D3-BF4B-00C04F79EFBC}") = "EmployeeService.Application", "EmployeeService.Application\EmployeeService.Application.csproj", "{303EFDC2-0EDF-4E1D-B985-AA1884814847}"
EndProject
Project("{FAE04EC0-301F-11D3-BF4B-00C04F79EFBC}") = "EmployeeService.Domain", "EmployeeService.Domain\EmployeeService.Domain.csproj", "{316A27D1-3123-440D-9591-97ADC8EA89AD}"
EndProject
Project("{FAE04EC0-301F-11D3-BF4B-00C04F79EFBC}") = "EmployeeService.Infrastructure", "EmployeeService.Infrastructure\EmployeeService.Infrastructure.csproj", "{41EDA84D-CC53-467A-9C5F-6534BC89F33F}"
EndProject
Project("{FAE04EC0-301F-11D3-BF4B-00C04F79EFBC}") = "SharedKernel", "SharedKernel\SharedKernel.csproj", "{FF63395E-4661-4DF0-811B-603B28150A86}"
EndProject
Project("{2150E333-8FDC-42A3-9474-1A3956D46DE8}") = "Gateway", "Gateway", "{91BC56C1-F590-4F2A-B41A-31A030A9B148}"
EndProject
Project("{FAE04EC0-301F-11D3-BF4B-00C04F79EFBC}") = "APIGateway", "APIGateway\APIGateway.csproj", "{1F058B85-F270-40B8-8F1C-4FF0DD807D36}"
EndProject
Global
	GlobalSection(SolutionConfigurationPlatforms) = preSolution
		Debug|Any CPU = Debug|Any CPU
		Release|Any CPU = Release|Any CPU
	EndGlobalSection
	GlobalSection(ProjectConfigurationPlatforms) = postSolution
		{6170DF7A-686D-4A66-9F98-26AB914FFC65}.Debug|Any CPU.ActiveCfg = Debug|Any CPU
		{6170DF7A-686D-4A66-9F98-26AB914FFC65}.Debug|Any CPU.Build.0 = Debug|Any CPU
		{6170DF7A-686D-4A66-9F98-26AB914FFC65}.Release|Any CPU.ActiveCfg = Release|Any CPU
		{6170DF7A-686D-4A66-9F98-26AB914FFC65}.Release|Any CPU.Build.0 = Release|Any CPU
		{2B34DA3C-0F9B-47FC-A669-804A7FE374F7}.Debug|Any CPU.ActiveCfg = Debug|Any CPU
		{2B34DA3C-0F9B-47FC-A669-804A7FE374F7}.Debug|Any CPU.Build.0 = Debug|Any CPU
		{2B34DA3C-0F9B-47FC-A669-804A7FE374F7}.Release|Any CPU.ActiveCfg = Release|Any CPU
		{2B34DA3C-0F9B-47FC-A669-804A7FE374F7}.Release|Any CPU.Build.0 = Release|Any CPU
		{323DD9F0-533A-4C31-985B-96BC60A67948}.Debug|Any CPU.ActiveCfg = Debug|Any CPU
		{323DD9F0-533A-4C31-985B-96BC60A67948}.Debug|Any CPU.Build.0 = Debug|Any CPU
		{323DD9F0-533A-4C31-985B-96BC60A67948}.Release|Any CPU.ActiveCfg = Release|Any CPU
		{323DD9F0-533A-4C31-985B-96BC60A67948}.Release|Any CPU.Build.0 = Release|Any CPU
		{D0B483EC-324F-466C-9764-48C67D615C0B}.Debug|Any CPU.ActiveCfg = Debug|Any CPU
		{D0B483EC-324F-466C-9764-48C67D615C0B}.Debug|Any CPU.Build.0 = Debug|Any CPU
		{D0B483EC-324F-466C-9764-48C67D615C0B}.Release|Any CPU.ActiveCfg = Release|Any CPU
		{D0B483EC-324F-466C-9764-48C67D615C0B}.Release|Any CPU.Build.0 = Release|Any CPU
		{CC697188-83F7-49F3-8666-6BA60452682C}.Debug|Any CPU.ActiveCfg = Debug|Any CPU
		{CC697188-83F7-49F3-8666-6BA60452682C}.Debug|Any CPU.Build.0 = Debug|Any CPU
		{CC697188-83F7-49F3-8666-6BA60452682C}.Release|Any CPU.ActiveCfg = Release|Any CPU
		{CC697188-83F7-49F3-8666-6BA60452682C}.Release|Any CPU.Build.0 = Release|Any CPU
		{303EFDC2-0EDF-4E1D-B985-AA1884814847}.Debug|Any CPU.ActiveCfg = Debug|Any CPU
		{303EFDC2-0EDF-4E1D-B985-AA1884814847}.Debug|Any CPU.Build.0 = Debug|Any CPU
		{303EFDC2-0EDF-4E1D-B985-AA1884814847}.Release|Any CPU.ActiveCfg = Release|Any CPU
		{303EFDC2-0EDF-4E1D-B985-AA1884814847}.Release|Any CPU.Build.0 = Release|Any CPU
		{316A27D1-3123-440D-9591-97ADC8EA89AD}.Debug|Any CPU.ActiveCfg = Debug|Any CPU
		{316A27D1-3123-440D-9591-97ADC8EA89AD}.Debug|Any CPU.Build.0 = Debug|Any CPU
		{316A27D1-3123-440D-9591-97ADC8EA89AD}.Release|Any CPU.ActiveCfg = Release|Any CPU
		{316A27D1-3123-440D-9591-97ADC8EA89AD}.Release|Any CPU.Build.0 = Release|Any CPU
		{41EDA84D-CC53-467A-9C5F-6534BC89F33F}.Debug|Any CPU.ActiveCfg = Debug|Any CPU
		{41EDA84D-CC53-467A-9C5F-6534BC89F33F}.Debug|Any CPU.Build.0 = Debug|Any CPU
		{41EDA84D-CC53-467A-9C5F-6534BC89F33F}.Release|Any CPU.ActiveCfg = Release|Any CPU
		{41EDA84D-CC53-467A-9C5F-6534BC89F33F}.Release|Any CPU.Build.0 = Release|Any CPU
		{FF63395E-4661-4DF0-811B-603B28150A86}.Debug|Any CPU.ActiveCfg = Debug|Any CPU
		{FF63395E-4661-4DF0-811B-603B28150A86}.Debug|Any CPU.Build.0 = Debug|Any CPU
		{FF63395E-4661-4DF0-811B-603B28150A86}.Release|Any CPU.ActiveCfg = Release|Any CPU
		{FF63395E-4661-4DF0-811B-603B28150A86}.Release|Any CPU.Build.0 = Release|Any CPU
		{1F058B85-F270-40B8-8F1C-4FF0DD807D36}.Debug|Any CPU.ActiveCfg = Debug|Any CPU
		{1F058B85-F270-40B8-8F1C-4FF0DD807D36}.Debug|Any CPU.Build.0 = Debug|Any CPU
		{1F058B85-F270-40B8-8F1C-4FF0DD807D36}.Release|Any CPU.ActiveCfg = Release|Any CPU
		{1F058B85-F270-40B8-8F1C-4FF0DD807D36}.Release|Any CPU.Build.0 = Release|Any CPU
	EndGlobalSection
	GlobalSection(SolutionProperties) = preSolution
		HideSolutionNode = FALSE
	EndGlobalSection
	GlobalSection(NestedProjects) = preSolution
		{6170DF7A-686D-4A66-9F98-26AB914FFC65} = {02EA681E-C7D8-13C7-8484-4AC65E1B71E8}
		{2B34DA3C-0F9B-47FC-A669-804A7FE374F7} = {02EA681E-C7D8-13C7-8484-4AC65E1B71E8}
		{323DD9F0-533A-4C31-985B-96BC60A67948} = {02EA681E-C7D8-13C7-8484-4AC65E1B71E8}
		{D0B483EC-324F-466C-9764-48C67D615C0B} = {02EA681E-C7D8-13C7-8484-4AC65E1B71E8}
		{CC697188-83F7-49F3-8666-6BA60452682C} = {079D8CA3-B89E-4318-85E2-548C5F96CE8A}
		{303EFDC2-0EDF-4E1D-B985-AA1884814847} = {079D8CA3-B89E-4318-85E2-548C5F96CE8A}
		{316A27D1-3123-440D-9591-97ADC8EA89AD} = {079D8CA3-B89E-4318-85E2-548C5F96CE8A}
		{41EDA84D-CC53-467A-9C5F-6534BC89F33F} = {079D8CA3-B89E-4318-85E2-548C5F96CE8A}
		{1F058B85-F270-40B8-8F1C-4FF0DD807D36} = {91BC56C1-F590-4F2A-B41A-31A030A9B148}
	EndGlobalSection
	GlobalSection(ExtensibilityGlobals) = postSolution
		SolutionGuid = {A95DA564-052A-4554-A3E5-8542532A9862}
	EndGlobalSection
EndGlobal
