
Microsoft Visual Studio Solution File, Format Version 12.00
# Visual Studio Version 17
VisualStudioVersion = 17.14.36109.1
MinimumVisualStudioVersion = 10.0.40219.1
Project("{FAE04EC0-301F-11D3-BF4B-00C04F79EFBC}") = "SharedKernel", "SharedKernel\SharedKernel.csproj", "{FF63395E-4661-4DF0-811B-603B28150A86}"
EndProject
Project("{2150E333-8FDC-42A3-9474-1A3956D46DE8}") = "Solution Items", "Solution Items", "{8EC462FD-D22E-90A8-E5CE-7E832BA40C5D}"
	ProjectSection(SolutionItems) = preProject
		.gitignore = .gitignore
		.github\workflows\ci-auth.yml = .github\workflows\ci-auth.yml
		.github\workflows\ci-employee.yml = .github\workflows\ci-employee.yml
		.github\workflows\ci-gateway.yml = .github\workflows\ci-gateway.yml
	EndProjectSection
EndProject
Project("{FAE04EC0-301F-11D3-BF4B-00C04F79EFBC}") = "AuthService.API", "AuthServices\AuthService.API\AuthService.API.csproj", "{36064A79-8239-6136-391E-43DF252EB171}"
EndProject
Project("{FAE04EC0-301F-11D3-BF4B-00C04F79EFBC}") = "AuthService.Application", "AuthServices\AuthService.Application\AuthService.Application.csproj", "{356F958A-9DB6-55A7-A30A-12A0D96A3BA9}"
EndProject
Project("{FAE04EC0-301F-11D3-BF4B-00C04F79EFBC}") = "AuthService.Domain", "AuthServices\AuthService.Domain\AuthService.Domain.csproj", "{02788EEE-B9E8-6B62-7F87-51E015283CC6}"
EndProject
Project("{FAE04EC0-301F-11D3-BF4B-00C04F79EFBC}") = "AuthService.Infrastructure", "AuthServices\AuthService.Infrastructure\AuthService.Infrastructure.csproj", "{EAF62CE3-081C-66E7-8E13-66267532B6FB}"
EndProject
Project("{FAE04EC0-301F-11D3-BF4B-00C04F79EFBC}") = "EmployeeService.API", "EmployeeService\EmployeeService.API\EmployeeService.API.csproj", "{7CF18C89-1891-3BEE-302C-095E4898B0EF}"
EndProject
Project("{FAE04EC0-301F-11D3-BF4B-00C04F79EFBC}") = "EmployeeService.Application", "EmployeeService\EmployeeService.Application\EmployeeService.Application.csproj", "{0D425F5B-B747-959C-F2D0-0D59AAE8189C}"
EndProject
Project("{FAE04EC0-301F-11D3-BF4B-00C04F79EFBC}") = "EmployeeService.Domain", "EmployeeService\EmployeeService.Domain\EmployeeService.Domain.csproj", "{75C0B768-0D01-5818-A8AE-B7B7E59E3B35}"
EndProject
Project("{FAE04EC0-301F-11D3-BF4B-00C04F79EFBC}") = "EmployeeService.Infrastructure", "EmployeeService\EmployeeService.Infrastructure\EmployeeService.Infrastructure.csproj", "{A2FACFD1-2AF4-5C08-3C5F-34B2F1CF6F7F}"
EndProject
Project("{FAE04EC0-301F-11D3-BF4B-00C04F79EFBC}") = "APIGateway", "Gateway\APIGateway\APIGateway.csproj", "{99C27881-4371-A20A-3390-69632B7DCEFD}"
EndProject
Global
	GlobalSection(SolutionConfigurationPlatforms) = preSolution
		Debug|Any CPU = Debug|Any CPU
		Release|Any CPU = Release|Any CPU
	EndGlobalSection
	GlobalSection(ProjectConfigurationPlatforms) = postSolution
		{FF63395E-4661-4DF0-811B-603B28150A86}.Debug|Any CPU.ActiveCfg = Debug|Any CPU
		{FF63395E-4661-4DF0-811B-603B28150A86}.Debug|Any CPU.Build.0 = Debug|Any CPU
		{FF63395E-4661-4DF0-811B-603B28150A86}.Release|Any CPU.ActiveCfg = Release|Any CPU
		{FF63395E-4661-4DF0-811B-603B28150A86}.Release|Any CPU.Build.0 = Release|Any CPU
		{36064A79-8239-6136-391E-43DF252EB171}.Debug|Any CPU.ActiveCfg = Debug|Any CPU
		{36064A79-8239-6136-391E-43DF252EB171}.Debug|Any CPU.Build.0 = Debug|Any CPU
		{36064A79-8239-6136-391E-43DF252EB171}.Release|Any CPU.ActiveCfg = Release|Any CPU
		{36064A79-8239-6136-391E-43DF252EB171}.Release|Any CPU.Build.0 = Release|Any CPU
		{356F958A-9DB6-55A7-A30A-12A0D96A3BA9}.Debug|Any CPU.ActiveCfg = Debug|Any CPU
		{356F958A-9DB6-55A7-A30A-12A0D96A3BA9}.Debug|Any CPU.Build.0 = Debug|Any CPU
		{356F958A-9DB6-55A7-A30A-12A0D96A3BA9}.Release|Any CPU.ActiveCfg = Release|Any CPU
		{356F958A-9DB6-55A7-A30A-12A0D96A3BA9}.Release|Any CPU.Build.0 = Release|Any CPU
		{02788EEE-B9E8-6B62-7F87-51E015283CC6}.Debug|Any CPU.ActiveCfg = Debug|Any CPU
		{02788EEE-B9E8-6B62-7F87-51E015283CC6}.Debug|Any CPU.Build.0 = Debug|Any CPU
		{02788EEE-B9E8-6B62-7F87-51E015283CC6}.Release|Any CPU.ActiveCfg = Release|Any CPU
		{02788EEE-B9E8-6B62-7F87-51E015283CC6}.Release|Any CPU.Build.0 = Release|Any CPU
		{EAF62CE3-081C-66E7-8E13-66267532B6FB}.Debug|Any CPU.ActiveCfg = Debug|Any CPU
		{EAF62CE3-081C-66E7-8E13-66267532B6FB}.Debug|Any CPU.Build.0 = Debug|Any CPU
		{EAF62CE3-081C-66E7-8E13-66267532B6FB}.Release|Any CPU.ActiveCfg = Release|Any CPU
		{EAF62CE3-081C-66E7-8E13-66267532B6FB}.Release|Any CPU.Build.0 = Release|Any CPU
		{7CF18C89-1891-3BEE-302C-095E4898B0EF}.Debug|Any CPU.ActiveCfg = Debug|Any CPU
		{7CF18C89-1891-3BEE-302C-095E4898B0EF}.Debug|Any CPU.Build.0 = Debug|Any CPU
		{7CF18C89-1891-3BEE-302C-095E4898B0EF}.Release|Any CPU.ActiveCfg = Release|Any CPU
		{7CF18C89-1891-3BEE-302C-095E4898B0EF}.Release|Any CPU.Build.0 = Release|Any CPU
		{0D425F5B-B747-959C-F2D0-0D59AAE8189C}.Debug|Any CPU.ActiveCfg = Debug|Any CPU
		{0D425F5B-B747-959C-F2D0-0D59AAE8189C}.Debug|Any CPU.Build.0 = Debug|Any CPU
		{0D425F5B-B747-959C-F2D0-0D59AAE8189C}.Release|Any CPU.ActiveCfg = Release|Any CPU
		{0D425F5B-B747-959C-F2D0-0D59AAE8189C}.Release|Any CPU.Build.0 = Release|Any CPU
		{75C0B768-0D01-5818-A8AE-B7B7E59E3B35}.Debug|Any CPU.ActiveCfg = Debug|Any CPU
		{75C0B768-0D01-5818-A8AE-B7B7E59E3B35}.Debug|Any CPU.Build.0 = Debug|Any CPU
		{75C0B768-0D01-5818-A8AE-B7B7E59E3B35}.Release|Any CPU.ActiveCfg = Release|Any CPU
		{75C0B768-0D01-5818-A8AE-B7B7E59E3B35}.Release|Any CPU.Build.0 = Release|Any CPU
		{A2FACFD1-2AF4-5C08-3C5F-34B2F1CF6F7F}.Debug|Any CPU.ActiveCfg = Debug|Any CPU
		{A2FACFD1-2AF4-5C08-3C5F-34B2F1CF6F7F}.Debug|Any CPU.Build.0 = Debug|Any CPU
		{A2FACFD1-2AF4-5C08-3C5F-34B2F1CF6F7F}.Release|Any CPU.ActiveCfg = Release|Any CPU
		{A2FACFD1-2AF4-5C08-3C5F-34B2F1CF6F7F}.Release|Any CPU.Build.0 = Release|Any CPU
		{99C27881-4371-A20A-3390-69632B7DCEFD}.Debug|Any CPU.ActiveCfg = Debug|Any CPU
		{99C27881-4371-A20A-3390-69632B7DCEFD}.Debug|Any CPU.Build.0 = Debug|Any CPU
		{99C27881-4371-A20A-3390-69632B7DCEFD}.Release|Any CPU.ActiveCfg = Release|Any CPU
		{99C27881-4371-A20A-3390-69632B7DCEFD}.Release|Any CPU.Build.0 = Release|Any CPU
	EndGlobalSection
	GlobalSection(SolutionProperties) = preSolution
		HideSolutionNode = FALSE
	EndGlobalSection
	GlobalSection(ExtensibilityGlobals) = postSolution
		SolutionGuid = {A95DA564-052A-4554-A3E5-8542532A9862}
	EndGlobalSection
EndGlobal
